// !$*UTF8*$!
{
	archiveVersion = 1;
	classes = {
	};
	objectVersion = 56;
	objects = {

/* Begin PBXBuildFile section */
		4CB65D702B474CAF00303BAE /* FeedViewModel.swift in Sources */ = {isa = PBXBuildFile; fileRef = 4CB65D6F2B474CAF00303BAE /* FeedViewModel.swift */; };
		4CD354132B225CA8003D8FC4 /* AppDelegate.swift in Sources */ = {isa = PBXBuildFile; fileRef = 4CD354122B225CA8003D8FC4 /* AppDelegate.swift */; };
		4CD354152B225CA8003D8FC4 /* SceneDelegate.swift in Sources */ = {isa = PBXBuildFile; fileRef = 4CD354142B225CA8003D8FC4 /* SceneDelegate.swift */; };
		4CD3541C2B225CA9003D8FC4 /* Assets.xcassets in Resources */ = {isa = PBXBuildFile; fileRef = 4CD3541B2B225CA9003D8FC4 /* Assets.xcassets */; };
		4CD3541F2B225CA9003D8FC4 /* LaunchScreen.storyboard in Resources */ = {isa = PBXBuildFile; fileRef = 4CD3541D2B225CA9003D8FC4 /* LaunchScreen.storyboard */; };
		4CE6F8D72B226441001B4078 /* AppleMusic.swift in Sources */ = {isa = PBXBuildFile; fileRef = 4CE6F8D62B226441001B4078 /* AppleMusic.swift */; };
		4CE6F8D92B2264C9001B4078 /* AppleMusicAPI.swift in Sources */ = {isa = PBXBuildFile; fileRef = 4CE6F8D82B2264C9001B4078 /* AppleMusicAPI.swift */; };
		4CE6F8DB2B226569001B4078 /* TrendingViewController.swift in Sources */ = {isa = PBXBuildFile; fileRef = 4CE6F8DA2B226569001B4078 /* TrendingViewController.swift */; };
		4CE6F8E12B2266D8001B4078 /* ListOfAlbumViewModels.swift in Sources */ = {isa = PBXBuildFile; fileRef = 4CE6F8E02B2266D8001B4078 /* ListOfAlbumViewModels.swift */; };
		4CE6F8E32B2266EE001B4078 /* CountryTableViewCell.swift in Sources */ = {isa = PBXBuildFile; fileRef = 4CE6F8E22B2266EE001B4078 /* CountryTableViewCell.swift */; };
		4CE6F8E52B226713001B4078 /* AlbumViewModel.swift in Sources */ = {isa = PBXBuildFile; fileRef = 4CE6F8E42B226713001B4078 /* AlbumViewModel.swift */; };
		4CE6F8E72B226781001B4078 /* AppleMusicRepository.swift in Sources */ = {isa = PBXBuildFile; fileRef = 4CE6F8E62B226781001B4078 /* AppleMusicRepository.swift */; };
		4CE6F8E92B22679E001B4078 /* AppleMusicService.swift in Sources */ = {isa = PBXBuildFile; fileRef = 4CE6F8E82B22679E001B4078 /* AppleMusicService.swift */; };
/* End PBXBuildFile section */

/* Begin PBXFileReference section */
		4CB65D6F2B474CAF00303BAE /* FeedViewModel.swift */ = {isa = PBXFileReference; lastKnownFileType = sourcecode.swift; path = FeedViewModel.swift; sourceTree = "<group>"; };
		4CD3540F2B225CA8003D8FC4 /* AppleMusicV2.app */ = {isa = PBXFileReference; explicitFileType = wrapper.application; includeInIndex = 0; path = AppleMusicV2.app; sourceTree = BUILT_PRODUCTS_DIR; };
		4CD354122B225CA8003D8FC4 /* AppDelegate.swift */ = {isa = PBXFileReference; lastKnownFileType = sourcecode.swift; path = AppDelegate.swift; sourceTree = "<group>"; };
		4CD354142B225CA8003D8FC4 /* SceneDelegate.swift */ = {isa = PBXFileReference; lastKnownFileType = sourcecode.swift; path = SceneDelegate.swift; sourceTree = "<group>"; };
		4CD3541B2B225CA9003D8FC4 /* Assets.xcassets */ = {isa = PBXFileReference; lastKnownFileType = folder.assetcatalog; path = Assets.xcassets; sourceTree = "<group>"; };
		4CD3541E2B225CA9003D8FC4 /* Base */ = {isa = PBXFileReference; lastKnownFileType = file.storyboard; name = Base; path = Base.lproj/LaunchScreen.storyboard; sourceTree = "<group>"; };
		4CD354202B225CA9003D8FC4 /* Info.plist */ = {isa = PBXFileReference; lastKnownFileType = text.plist.xml; path = Info.plist; sourceTree = "<group>"; };
		4CE6F8D62B226441001B4078 /* AppleMusic.swift */ = {isa = PBXFileReference; lastKnownFileType = sourcecode.swift; path = AppleMusic.swift; sourceTree = "<group>"; };
		4CE6F8D82B2264C9001B4078 /* AppleMusicAPI.swift */ = {isa = PBXFileReference; lastKnownFileType = sourcecode.swift; path = AppleMusicAPI.swift; sourceTree = "<group>"; };
		4CE6F8DA2B226569001B4078 /* TrendingViewController.swift */ = {isa = PBXFileReference; lastKnownFileType = sourcecode.swift; path = TrendingViewController.swift; sourceTree = "<group>"; };
		4CE6F8E02B2266D8001B4078 /* ListOfAlbumViewModels.swift */ = {isa = PBXFileReference; lastKnownFileType = sourcecode.swift; path = ListOfAlbumViewModels.swift; sourceTree = "<group>"; };
		4CE6F8E22B2266EE001B4078 /* CountryTableViewCell.swift */ = {isa = PBXFileReference; lastKnownFileType = sourcecode.swift; path = CountryTableViewCell.swift; sourceTree = "<group>"; };
		4CE6F8E42B226713001B4078 /* AlbumViewModel.swift */ = {isa = PBXFileReference; lastKnownFileType = sourcecode.swift; path = AlbumViewModel.swift; sourceTree = "<group>"; };
		4CE6F8E62B226781001B4078 /* AppleMusicRepository.swift */ = {isa = PBXFileReference; lastKnownFileType = sourcecode.swift; path = AppleMusicRepository.swift; sourceTree = "<group>"; };
		4CE6F8E82B22679E001B4078 /* AppleMusicService.swift */ = {isa = PBXFileReference; lastKnownFileType = sourcecode.swift; path = AppleMusicService.swift; sourceTree = "<group>"; };
/* End PBXFileReference section */

/* Begin PBXFrameworksBuildPhase section */
		4CD3540C2B225CA8003D8FC4 /* Frameworks */ = {
			isa = PBXFrameworksBuildPhase;
			buildActionMask = 2147483647;
			files = (
			);
			runOnlyForDeploymentPostprocessing = 0;
		};
/* End PBXFrameworksBuildPhase section */

/* Begin PBXGroup section */
		4C4697B92B57885600E05F4D /* ViewModel */ = {
			isa = PBXGroup;
			children = (
				4CE6F8E02B2266D8001B4078 /* ListOfAlbumViewModels.swift */,
				4CE6F8E42B226713001B4078 /* AlbumViewModel.swift */,
				4CB65D6F2B474CAF00303BAE /* FeedViewModel.swift */,
			);
			path = ViewModel;
			sourceTree = "<group>";
		};
		4C4697BA2B5788E000E05F4D /* Models */ = {
			isa = PBXGroup;
			children = (
				4CE6F8D62B226441001B4078 /* AppleMusic.swift */,
			);
			path = Models;
			sourceTree = "<group>";
		};
		4C4697BB2B57898600E05F4D /* View */ = {
			isa = PBXGroup;
			children = (
				4CE6F8E22B2266EE001B4078 /* CountryTableViewCell.swift */,
			);
			path = View;
			sourceTree = "<group>";
		};
		4C4697BC2B57899A00E05F4D /* Services */ = {
			isa = PBXGroup;
			children = (
				4CE6F8D82B2264C9001B4078 /* AppleMusicAPI.swift */,
				4CE6F8E82B22679E001B4078 /* AppleMusicService.swift */,
			);
			path = Services;
			sourceTree = "<group>";
		};
		4CD354062B225CA8003D8FC4 = {
			isa = PBXGroup;
			children = (
				4CD354112B225CA8003D8FC4 /* AppleMusicV2 */,
				4CD354102B225CA8003D8FC4 /* Products */,
			);
			sourceTree = "<group>";
		};
		4CD354102B225CA8003D8FC4 /* Products */ = {
			isa = PBXGroup;
			children = (
				4CD3540F2B225CA8003D8FC4 /* AppleMusicV2.app */,
			);
			name = Products;
			sourceTree = "<group>";
		};
		4CD354112B225CA8003D8FC4 /* AppleMusicV2 */ = {
			isa = PBXGroup;
			children = (
				4CD354122B225CA8003D8FC4 /* AppDelegate.swift */,
				4CD354142B225CA8003D8FC4 /* SceneDelegate.swift */,
				4CE6F8DA2B226569001B4078 /* TrendingViewController.swift */,
				4CE6F8E62B226781001B4078 /* AppleMusicRepository.swift */,
				4C4697BA2B5788E000E05F4D /* Models */,
				4C4697BC2B57899A00E05F4D /* Services */,
				4C4697BB2B57898600E05F4D /* View */,
				4C4697B92B57885600E05F4D /* ViewModel */,
				4CD3541B2B225CA9003D8FC4 /* Assets.xcassets */,
				4CD3541D2B225CA9003D8FC4 /* LaunchScreen.storyboard */,
				4CD354202B225CA9003D8FC4 /* Info.plist */,
			);
			path = AppleMusicV2;
			sourceTree = "<group>";
		};
/* End PBXGroup section */

/* Begin PBXNativeTarget section */
		4CD3540E2B225CA8003D8FC4 /* AppleMusicV2 */ = {
			isa = PBXNativeTarget;
			buildConfigurationList = 4CD354232B225CA9003D8FC4 /* Build configuration list for PBXNativeTarget "AppleMusicV2" */;
			buildPhases = (
				4CD3540B2B225CA8003D8FC4 /* Sources */,
				4CD3540C2B225CA8003D8FC4 /* Frameworks */,
				4CD3540D2B225CA8003D8FC4 /* Resources */,
			);
			buildRules = (
			);
			dependencies = (
			);
			name = AppleMusicV2;
			productName = AppleMusicV2;
			productReference = 4CD3540F2B225CA8003D8FC4 /* AppleMusicV2.app */;
			productType = "com.apple.product-type.application";
		};
/* End PBXNativeTarget section */

/* Begin PBXProject section */
		4CD354072B225CA8003D8FC4 /* Project object */ = {
			isa = PBXProject;
			attributes = {
				BuildIndependentTargetsInParallel = 1;
				LastSwiftUpdateCheck = 1500;
				LastUpgradeCheck = 1500;
				TargetAttributes = {
					4CD3540E2B225CA8003D8FC4 = {
						CreatedOnToolsVersion = 15.0.1;
					};
				};
			};
			buildConfigurationList = 4CD3540A2B225CA8003D8FC4 /* Build configuration list for PBXProject "AppleMusicV2" */;
			compatibilityVersion = "Xcode 14.0";
			developmentRegion = en;
			hasScannedForEncodings = 0;
			knownRegions = (
				en,
				Base,
			);
			mainGroup = 4CD354062B225CA8003D8FC4;
			productRefGroup = 4CD354102B225CA8003D8FC4 /* Products */;
			projectDirPath = "";
			projectRoot = "";
			targets = (
				4CD3540E2B225CA8003D8FC4 /* AppleMusicV2 */,
			);
		};
/* End PBXProject section */

/* Begin PBXResourcesBuildPhase section */
		4CD3540D2B225CA8003D8FC4 /* Resources */ = {
			isa = PBXResourcesBuildPhase;
			buildActionMask = 2147483647;
			files = (
				4CD3541F2B225CA9003D8FC4 /* LaunchScreen.storyboard in Resources */,
				4CD3541C2B225CA9003D8FC4 /* Assets.xcassets in Resources */,
			);
			runOnlyForDeploymentPostprocessing = 0;
		};
/* End PBXResourcesBuildPhase section */

/* Begin PBXSourcesBuildPhase section */
		4CD3540B2B225CA8003D8FC4 /* Sources */ = {
			isa = PBXSourcesBuildPhase;
			buildActionMask = 2147483647;
			files = (
				4CE6F8D92B2264C9001B4078 /* AppleMusicAPI.swift in Sources */,
				4CB65D702B474CAF00303BAE /* FeedViewModel.swift in Sources */,
				4CD354132B225CA8003D8FC4 /* AppDelegate.swift in Sources */,
				4CE6F8E52B226713001B4078 /* AlbumViewModel.swift in Sources */,
				4CD354152B225CA8003D8FC4 /* SceneDelegate.swift in Sources */,
				4CE6F8E32B2266EE001B4078 /* CountryTableViewCell.swift in Sources */,
				4CE6F8D72B226441001B4078 /* AppleMusic.swift in Sources */,
				4CE6F8E92B22679E001B4078 /* AppleMusicService.swift in Sources */,
				4CE6F8E12B2266D8001B4078 /* ListOfAlbumViewModels.swift in Sources */,
				4CE6F8DB2B226569001B4078 /* TrendingViewController.swift in Sources */,
				4CE6F8E72B226781001B4078 /* AppleMusicRepository.swift in Sources */,
			);
			runOnlyForDeploymentPostprocessing = 0;
		};
/* End PBXSourcesBuildPhase section */

/* Begin PBXVariantGroup section */
		4CD3541D2B225CA9003D8FC4 /* LaunchScreen.storyboard */ = {
			isa = PBXVariantGroup;
			children = (
				4CD3541E2B225CA9003D8FC4 /* Base */,
			);
			name = LaunchScreen.storyboard;
			sourceTree = "<group>";
		};
/* End PBXVariantGroup section */

/* Begin XCBuildConfiguration section */
		4CD354212B225CA9003D8FC4 /* Debug */ = {
			isa = XCBuildConfiguration;
			buildSettings = {
				ALWAYS_SEARCH_USER_PATHS = NO;
				ASSETCATALOG_COMPILER_GENERATE_SWIFT_ASSET_SYMBOL_EXTENSIONS = YES;
				CLANG_ANALYZER_NONNULL = YES;
				CLANG_ANALYZER_NUMBER_OBJECT_CONVERSION = YES_AGGRESSIVE;
				CLANG_CXX_LANGUAGE_STANDARD = "gnu++20";
				CLANG_ENABLE_MODULES = YES;
				CLANG_ENABLE_OBJC_ARC = YES;
				CLANG_ENABLE_OBJC_WEAK = YES;
				CLANG_WARN_BLOCK_CAPTURE_AUTORELEASING = YES;
				CLANG_WARN_BOOL_CONVERSION = YES;
				CLANG_WARN_COMMA = YES;
				CLANG_WARN_CONSTANT_CONVERSION = YES;
				CLANG_WARN_DEPRECATED_OBJC_IMPLEMENTATIONS = YES;
				CLANG_WARN_DIRECT_OBJC_ISA_USAGE = YES_ERROR;
				CLANG_WARN_DOCUMENTATION_COMMENTS = YES;
				CLANG_WARN_EMPTY_BODY = YES;
				CLANG_WARN_ENUM_CONVERSION = YES;
				CLANG_WARN_INFINITE_RECURSION = YES;
				CLANG_WARN_INT_CONVERSION = YES;
				CLANG_WARN_NON_LITERAL_NULL_CONVERSION = YES;
				CLANG_WARN_OBJC_IMPLICIT_RETAIN_SELF = YES;
				CLANG_WARN_OBJC_LITERAL_CONVERSION = YES;
				CLANG_WARN_OBJC_ROOT_CLASS = YES_ERROR;
				CLANG_WARN_QUOTED_INCLUDE_IN_FRAMEWORK_HEADER = YES;
				CLANG_WARN_RANGE_LOOP_ANALYSIS = YES;
				CLANG_WARN_STRICT_PROTOTYPES = YES;
				CLANG_WARN_SUSPICIOUS_MOVE = YES;
				CLANG_WARN_UNGUARDED_AVAILABILITY = YES_AGGRESSIVE;
				CLANG_WARN_UNREACHABLE_CODE = YES;
				CLANG_WARN__DUPLICATE_METHOD_MATCH = YES;
				COPY_PHASE_STRIP = NO;
				DEBUG_INFORMATION_FORMAT = dwarf;
				ENABLE_STRICT_OBJC_MSGSEND = YES;
				ENABLE_TESTABILITY = YES;
				ENABLE_USER_SCRIPT_SANDBOXING = YES;
				GCC_C_LANGUAGE_STANDARD = gnu17;
				GCC_DYNAMIC_NO_PIC = NO;
				GCC_NO_COMMON_BLOCKS = YES;
				GCC_OPTIMIZATION_LEVEL = 0;
				GCC_PREPROCESSOR_DEFINITIONS = (
					"DEBUG=1",
					"$(inherited)",
				);
				GCC_WARN_64_TO_32_BIT_CONVERSION = YES;
				GCC_WARN_ABOUT_RETURN_TYPE = YES_ERROR;
				GCC_WARN_UNDECLARED_SELECTOR = YES;
				GCC_WARN_UNINITIALIZED_AUTOS = YES_AGGRESSIVE;
				GCC_WARN_UNUSED_FUNCTION = YES;
				GCC_WARN_UNUSED_VARIABLE = YES;
				IPHONEOS_DEPLOYMENT_TARGET = 17.0;
				LOCALIZATION_PREFERS_STRING_CATALOGS = YES;
				MTL_ENABLE_DEBUG_INFO = INCLUDE_SOURCE;
				MTL_FAST_MATH = YES;
				ONLY_ACTIVE_ARCH = YES;
				SDKROOT = iphoneos;
				SWIFT_ACTIVE_COMPILATION_CONDITIONS = "DEBUG $(inherited)";
				SWIFT_OPTIMIZATION_LEVEL = "-Onone";
			};
			name = Debug;
		};
		4CD354222B225CA9003D8FC4 /* Release */ = {
			isa = XCBuildConfiguration;
			buildSettings = {
				ALWAYS_SEARCH_USER_PATHS = NO;
				ASSETCATALOG_COMPILER_GENERATE_SWIFT_ASSET_SYMBOL_EXTENSIONS = YES;
				CLANG_ANALYZER_NONNULL = YES;
				CLANG_ANALYZER_NUMBER_OBJECT_CONVERSION = YES_AGGRESSIVE;
				CLANG_CXX_LANGUAGE_STANDARD = "gnu++20";
				CLANG_ENABLE_MODULES = YES;
				CLANG_ENABLE_OBJC_ARC = YES;
				CLANG_ENABLE_OBJC_WEAK = YES;
				CLANG_WARN_BLOCK_CAPTURE_AUTORELEASING = YES;
				CLANG_WARN_BOOL_CONVERSION = YES;
				CLANG_WARN_COMMA = YES;
				CLANG_WARN_CONSTANT_CONVERSION = YES;
				CLANG_WARN_DEPRECATED_OBJC_IMPLEMENTATIONS = YES;
				CLANG_WARN_DIRECT_OBJC_ISA_USAGE = YES_ERROR;
				CLANG_WARN_DOCUMENTATION_COMMENTS = YES;
				CLANG_WARN_EMPTY_BODY = YES;
				CLANG_WARN_ENUM_CONVERSION = YES;
				CLANG_WARN_INFINITE_RECURSION = YES;
				CLANG_WARN_INT_CONVERSION = YES;
				CLANG_WARN_NON_LITERAL_NULL_CONVERSION = YES;
				CLANG_WARN_OBJC_IMPLICIT_RETAIN_SELF = YES;
				CLANG_WARN_OBJC_LITERAL_CONVERSION = YES;
				CLANG_WARN_OBJC_ROOT_CLASS = YES_ERROR;
				CLANG_WARN_QUOTED_INCLUDE_IN_FRAMEWORK_HEADER = YES;
				CLANG_WARN_RANGE_LOOP_ANALYSIS = YES;
				CLANG_WARN_STRICT_PROTOTYPES = YES;
				CLANG_WARN_SUSPICIOUS_MOVE = YES;
				CLANG_WARN_UNGUARDED_AVAILABILITY = YES_AGGRESSIVE;
				CLANG_WARN_UNREACHABLE_CODE = YES;
				CLANG_WARN__DUPLICATE_METHOD_MATCH = YES;
				COPY_PHASE_STRIP = NO;
				DEBUG_INFORMATION_FORMAT = "dwarf-with-dsym";
				ENABLE_NS_ASSERTIONS = NO;
				ENABLE_STRICT_OBJC_MSGSEND = YES;
				ENABLE_USER_SCRIPT_SANDBOXING = YES;
				GCC_C_LANGUAGE_STANDARD = gnu17;
				GCC_NO_COMMON_BLOCKS = YES;
				GCC_WARN_64_TO_32_BIT_CONVERSION = YES;
				GCC_WARN_ABOUT_RETURN_TYPE = YES_ERROR;
				GCC_WARN_UNDECLARED_SELECTOR = YES;
				GCC_WARN_UNINITIALIZED_AUTOS = YES_AGGRESSIVE;
				GCC_WARN_UNUSED_FUNCTION = YES;
				GCC_WARN_UNUSED_VARIABLE = YES;
				IPHONEOS_DEPLOYMENT_TARGET = 17.0;
				LOCALIZATION_PREFERS_STRING_CATALOGS = YES;
				MTL_ENABLE_DEBUG_INFO = NO;
				MTL_FAST_MATH = YES;
				SDKROOT = iphoneos;
				SWIFT_COMPILATION_MODE = wholemodule;
				VALIDATE_PRODUCT = YES;
			};
			name = Release;
		};
		4CD354242B225CA9003D8FC4 /* Debug */ = {
			isa = XCBuildConfiguration;
			buildSettings = {
				ASSETCATALOG_COMPILER_APPICON_NAME = AppIcon;
				ASSETCATALOG_COMPILER_GLOBAL_ACCENT_COLOR_NAME = AccentColor;
				CODE_SIGN_STYLE = Automatic;
				CURRENT_PROJECT_VERSION = 1;
				DEVELOPMENT_TEAM = 99WD9D6Y46;
				GENERATE_INFOPLIST_FILE = YES;
				INFOPLIST_FILE = AppleMusicV2/Info.plist;
				INFOPLIST_KEY_UIApplicationSupportsIndirectInputEvents = YES;
				INFOPLIST_KEY_UILaunchStoryboardName = LaunchScreen;
				INFOPLIST_KEY_UISupportedInterfaceOrientations_iPad = "UIInterfaceOrientationPortrait UIInterfaceOrientationPortraitUpsideDown UIInterfaceOrientationLandscapeLeft UIInterfaceOrientationLandscapeRight";
				INFOPLIST_KEY_UISupportedInterfaceOrientations_iPhone = "UIInterfaceOrientationPortrait UIInterfaceOrientationLandscapeLeft UIInterfaceOrientationLandscapeRight";
				LD_RUNPATH_SEARCH_PATHS = (
					"$(inherited)",
					"@executable_path/Frameworks",
				);
				MARKETING_VERSION = 1.0;
				PRODUCT_BUNDLE_IDENTIFIER = tech.CongLeSolutionX.AppleMusicV2;
				PRODUCT_NAME = "$(TARGET_NAME)";
				SWIFT_EMIT_LOC_STRINGS = YES;
				SWIFT_VERSION = 5.0;
				TARGETED_DEVICE_FAMILY = "1,2";
			};
			name = Debug;
		};
		4CD354252B225CA9003D8FC4 /* Release */ = {
			isa = XCBuildConfiguration;
			buildSettings = {
				ASSETCATALOG_COMPILER_APPICON_NAME = AppIcon;
				ASSETCATALOG_COMPILER_GLOBAL_ACCENT_COLOR_NAME = AccentColor;
				CODE_SIGN_STYLE = Automatic;
				CURRENT_PROJECT_VERSION = 1;
				DEVELOPMENT_TEAM = 99WD9D6Y46;
				GENERATE_INFOPLIST_FILE = YES;
				INFOPLIST_FILE = AppleMusicV2/Info.plist;
				INFOPLIST_KEY_UIApplicationSupportsIndirectInputEvents = YES;
				INFOPLIST_KEY_UILaunchStoryboardName = LaunchScreen;
				INFOPLIST_KEY_UISupportedInterfaceOrientations_iPad = "UIInterfaceOrientationPortrait UIInterfaceOrientationPortraitUpsideDown UIInterfaceOrientationLandscapeLeft UIInterfaceOrientationLandscapeRight";
				INFOPLIST_KEY_UISupportedInterfaceOrientations_iPhone = "UIInterfaceOrientationPortrait UIInterfaceOrientationLandscapeLeft UIInterfaceOrientationLandscapeRight";
				LD_RUNPATH_SEARCH_PATHS = (
					"$(inherited)",
					"@executable_path/Frameworks",
				);
				MARKETING_VERSION = 1.0;
				PRODUCT_BUNDLE_IDENTIFIER = tech.CongLeSolutionX.AppleMusicV2;
				PRODUCT_NAME = "$(TARGET_NAME)";
				SWIFT_EMIT_LOC_STRINGS = YES;
				SWIFT_VERSION = 5.0;
				TARGETED_DEVICE_FAMILY = "1,2";
			};
			name = Release;
		};
/* End XCBuildConfiguration section */

/* Begin XCConfigurationList section */
		4CD3540A2B225CA8003D8FC4 /* Build configuration list for PBXProject "AppleMusicV2" */ = {
			isa = XCConfigurationList;
			buildConfigurations = (
				4CD354212B225CA9003D8FC4 /* Debug */,
				4CD354222B225CA9003D8FC4 /* Release */,
			);
			defaultConfigurationIsVisible = 0;
			defaultConfigurationName = Release;
		};
		4CD354232B225CA9003D8FC4 /* Build configuration list for PBXNativeTarget "AppleMusicV2" */ = {
			isa = XCConfigurationList;
			buildConfigurations = (
				4CD354242B225CA9003D8FC4 /* Debug */,
				4CD354252B225CA9003D8FC4 /* Release */,
			);
			defaultConfigurationIsVisible = 0;
			defaultConfigurationName = Release;
		};
/* End XCConfigurationList section */
	};
	rootObject = 4CD354072B225CA8003D8FC4 /* Project object */;
}
